
Microsoft Visual Studio Solution File, Format Version 12.00
# Visual Studio Version 16
VisualStudioVersion = 16.0.33529.622
MinimumVisualStudioVersion = 10.0.40219.1
Project("{FAE04EC0-301F-11D3-BF4B-00C04F79EFBC}") = "WebApiRestIPH", "WebApiRestIPH.csproj", "{77263D70-C390-491D-8B99-98B511C20570}"
EndProject
Global
	GlobalSection(SolutionConfigurationPlatforms) = preSolution
		Debug|Any CPU = Debug|Any CPU
		Release|Any CPU = Release|Any CPU
	EndGlobalSection
	GlobalSection(ProjectConfigurationPlatforms) = postSolution
		{77263D70-C390-491D-8B99-98B511C20570}.Debug|Any CPU.ActiveCfg = Debug|Any CPU
		{77263D70-C390-491D-8B99-98B511C20570}.Debug|Any CPU.Build.0 = Debug|Any CPU
		{77263D70-C390-491D-8B99-98B511C20570}.Release|Any CPU.ActiveCfg = Release|Any CPU
		{77263D70-C390-491D-8B99-98B511C20570}.Release|Any CPU.Build.0 = Release|Any CPU
	EndGlobalSection
	GlobalSection(SolutionProperties) = preSolution
		HideSolutionNode = FALSE
	EndGlobalSection
	GlobalSection(ExtensibilityGlobals) = postSolution
		SolutionGuid = {8992EE24-CD01-4760-B46F-090786429195}
	EndGlobalSection
EndGlobal
